
Microsoft Visual Studio Solution File, Format Version 12.00
# Visual Studio Version 17
VisualStudioVersion = 17.7.34202.233
MinimumVisualStudioVersion = 10.0.40219.1
Project("{9A19103F-16F7-4668-BE54-9A1E7A4F7556}") = "BOUVTT_HFT_2023241.Client", "BOUVTT_HFT_2023241.Client\BOUVTT_HFT_2023241.Client.csproj", "{99A2D88A-72DD-4C17-897C-07DCD7790D22}"
EndProject
Project("{9A19103F-16F7-4668-BE54-9A1E7A4F7556}") = "BOUVTT_HFT_2023241.Models", "BOUVTT_HFT_2023241.Models\BOUVTT_HFT_2023241.Models.csproj", "{3CA9C5CA-748A-4997-9BA6-0A38EBA615FD}"
EndProject
Project("{9A19103F-16F7-4668-BE54-9A1E7A4F7556}") = "BOUVTT_HFT_2023241.Logic", "BOUVTT_HFT_2023241.Logic\BOUVTT_HFT_2023241.Logic.csproj", "{7828B592-AE67-4967-B349-120F4854A487}"
EndProject
Project("{9A19103F-16F7-4668-BE54-9A1E7A4F7556}") = "BOUVTT_HFT_2023241.Repository", "BOUVTT_HFT_2023241.Repository\BOUVTT_HFT_2023241.Repository.csproj", "{75EF8A0D-12E9-43C6-A828-E4C3C143145F}"
EndProject
Project("{9A19103F-16F7-4668-BE54-9A1E7A4F7556}") = "BOUVTT_HFT_2023241.Test", "BOUVTT_HFT_2023241.Test\BOUVTT_HFT_2023241.Test.csproj", "{A65FE636-9755-41BE-88A6-2DFC1126D9F2}"
EndProject
Project("{FAE04EC0-301F-11D3-BF4B-00C04F79EFBC}") = "BOUVTT_HFT_2023241.Endpoint", "BOUVTT_HFT_2023241.Endpoint\BOUVTT_HFT_2023241.Endpoint.csproj", "{18E02F21-4CD2-40CF-BBC9-3983EA3790C3}"
EndProject
Project("{2150E333-8FDC-42A3-9474-1A3956D46DE8}") = "Backend", "Backend", "{F98F349C-0A09-4B88-8BBF-4A0AB78294A9}"
EndProject
Project("{2150E333-8FDC-42A3-9474-1A3956D46DE8}") = "Frontend", "Frontend", "{58B44320-ED24-401D-925B-9E6D55543B91}"
EndProject
Project("{2150E333-8FDC-42A3-9474-1A3956D46DE8}") = "Shared", "Shared", "{8C2D8551-4C9F-4A63-BCED-2AED6D034D5E}"
EndProject
Global
	GlobalSection(SolutionConfigurationPlatforms) = preSolution
		Debug|Any CPU = Debug|Any CPU
		Release|Any CPU = Release|Any CPU
	EndGlobalSection
	GlobalSection(ProjectConfigurationPlatforms) = postSolution
		{99A2D88A-72DD-4C17-897C-07DCD7790D22}.Debug|Any CPU.ActiveCfg = Debug|Any CPU
		{99A2D88A-72DD-4C17-897C-07DCD7790D22}.Debug|Any CPU.Build.0 = Debug|Any CPU
		{99A2D88A-72DD-4C17-897C-07DCD7790D22}.Release|Any CPU.ActiveCfg = Release|Any CPU
		{99A2D88A-72DD-4C17-897C-07DCD7790D22}.Release|Any CPU.Build.0 = Release|Any CPU
		{3CA9C5CA-748A-4997-9BA6-0A38EBA615FD}.Debug|Any CPU.ActiveCfg = Debug|Any CPU
		{3CA9C5CA-748A-4997-9BA6-0A38EBA615FD}.Debug|Any CPU.Build.0 = Debug|Any CPU
		{3CA9C5CA-748A-4997-9BA6-0A38EBA615FD}.Release|Any CPU.ActiveCfg = Release|Any CPU
		{3CA9C5CA-748A-4997-9BA6-0A38EBA615FD}.Release|Any CPU.Build.0 = Release|Any CPU
		{7828B592-AE67-4967-B349-120F4854A487}.Debug|Any CPU.ActiveCfg = Debug|Any CPU
		{7828B592-AE67-4967-B349-120F4854A487}.Debug|Any CPU.Build.0 = Debug|Any CPU
		{7828B592-AE67-4967-B349-120F4854A487}.Release|Any CPU.ActiveCfg = Release|Any CPU
		{7828B592-AE67-4967-B349-120F4854A487}.Release|Any CPU.Build.0 = Release|Any CPU
		{75EF8A0D-12E9-43C6-A828-E4C3C143145F}.Debug|Any CPU.ActiveCfg = Debug|Any CPU
		{75EF8A0D-12E9-43C6-A828-E4C3C143145F}.Debug|Any CPU.Build.0 = Debug|Any CPU
		{75EF8A0D-12E9-43C6-A828-E4C3C143145F}.Release|Any CPU.ActiveCfg = Release|Any CPU
		{75EF8A0D-12E9-43C6-A828-E4C3C143145F}.Release|Any CPU.Build.0 = Release|Any CPU
		{A65FE636-9755-41BE-88A6-2DFC1126D9F2}.Debug|Any CPU.ActiveCfg = Debug|Any CPU
		{A65FE636-9755-41BE-88A6-2DFC1126D9F2}.Debug|Any CPU.Build.0 = Debug|Any CPU
		{A65FE636-9755-41BE-88A6-2DFC1126D9F2}.Release|Any CPU.ActiveCfg = Release|Any CPU
		{A65FE636-9755-41BE-88A6-2DFC1126D9F2}.Release|Any CPU.Build.0 = Release|Any CPU
		{18E02F21-4CD2-40CF-BBC9-3983EA3790C3}.Debug|Any CPU.ActiveCfg = Debug|Any CPU
		{18E02F21-4CD2-40CF-BBC9-3983EA3790C3}.Debug|Any CPU.Build.0 = Debug|Any CPU
		{18E02F21-4CD2-40CF-BBC9-3983EA3790C3}.Release|Any CPU.ActiveCfg = Release|Any CPU
		{18E02F21-4CD2-40CF-BBC9-3983EA3790C3}.Release|Any CPU.Build.0 = Release|Any CPU
	EndGlobalSection
	GlobalSection(SolutionProperties) = preSolution
		HideSolutionNode = FALSE
	EndGlobalSection
	GlobalSection(NestedProjects) = preSolution
		{99A2D88A-72DD-4C17-897C-07DCD7790D22} = {58B44320-ED24-401D-925B-9E6D55543B91}
		{3CA9C5CA-748A-4997-9BA6-0A38EBA615FD} = {8C2D8551-4C9F-4A63-BCED-2AED6D034D5E}
		{7828B592-AE67-4967-B349-120F4854A487} = {F98F349C-0A09-4B88-8BBF-4A0AB78294A9}
		{75EF8A0D-12E9-43C6-A828-E4C3C143145F} = {F98F349C-0A09-4B88-8BBF-4A0AB78294A9}
		{A65FE636-9755-41BE-88A6-2DFC1126D9F2} = {F98F349C-0A09-4B88-8BBF-4A0AB78294A9}
		{18E02F21-4CD2-40CF-BBC9-3983EA3790C3} = {F98F349C-0A09-4B88-8BBF-4A0AB78294A9}
	EndGlobalSection
	GlobalSection(ExtensibilityGlobals) = postSolution
		SolutionGuid = {05A56F72-CEA3-40ED-89CD-2DBBFE5A7303}
	EndGlobalSection
EndGlobal
